
Microsoft Visual Studio Solution File, Format Version 12.00
# Visual Studio Version 17
VisualStudioVersion = 17.8.34330.188
MinimumVisualStudioVersion = 10.0.40219.1
Project("{9A19103F-16F7-4668-BE54-9A1E7A4F7556}") = "HotelSystem.Api", "HotelSystem.Api\HotelSystem.Api.csproj", "{CFC26821-D2C1-4B7B-ADDB-A6871FCBFB62}"
EndProject
Project("{9A19103F-16F7-4668-BE54-9A1E7A4F7556}") = "HotelSystem.Data", "HotelSystem.Data\HotelSystem.Data.csproj", "{8DA0A256-8FC9-462F-9BAF-35407B8D0D92}"
EndProject
Project("{9A19103F-16F7-4668-BE54-9A1E7A4F7556}") = "HotelSystem.Model", "HotelSystem.Model\HotelSystem.Model.csproj", "{B6AA9156-2EB9-4B42-9438-AE9F63331355}"
EndProject
Project("{FAE04EC0-301F-11D3-BF4B-00C04F79EFBC}") = "HotelSystem.IRepository", "HotelSystem.IRepository\HotelSystem.IRepository.csproj", "{40E8A53B-DFDF-4604-935B-CA36408D4BBD}"
EndProject
Project("{FAE04EC0-301F-11D3-BF4B-00C04F79EFBC}") = "HotelSystem.Repository", "HotelSystem.Repository\HotelSystem.Repository.csproj", "{D44721DF-4643-4DF0-A230-BB3BE84FC90B}"
EndProject
Global
	GlobalSection(SolutionConfigurationPlatforms) = preSolution
		Debug|Any CPU = Debug|Any CPU
		Release|Any CPU = Release|Any CPU
	EndGlobalSection
	GlobalSection(ProjectConfigurationPlatforms) = postSolution
		{CFC26821-D2C1-4B7B-ADDB-A6871FCBFB62}.Debug|Any CPU.ActiveCfg = Debug|Any CPU
		{CFC26821-D2C1-4B7B-ADDB-A6871FCBFB62}.Debug|Any CPU.Build.0 = Debug|Any CPU
		{CFC26821-D2C1-4B7B-ADDB-A6871FCBFB62}.Release|Any CPU.ActiveCfg = Release|Any CPU
		{CFC26821-D2C1-4B7B-ADDB-A6871FCBFB62}.Release|Any CPU.Build.0 = Release|Any CPU
		{8DA0A256-8FC9-462F-9BAF-35407B8D0D92}.Debug|Any CPU.ActiveCfg = Debug|Any CPU
		{8DA0A256-8FC9-462F-9BAF-35407B8D0D92}.Debug|Any CPU.Build.0 = Debug|Any CPU
		{8DA0A256-8FC9-462F-9BAF-35407B8D0D92}.Release|Any CPU.ActiveCfg = Release|Any CPU
		{8DA0A256-8FC9-462F-9BAF-35407B8D0D92}.Release|Any CPU.Build.0 = Release|Any CPU
		{B6AA9156-2EB9-4B42-9438-AE9F63331355}.Debug|Any CPU.ActiveCfg = Debug|Any CPU
		{B6AA9156-2EB9-4B42-9438-AE9F63331355}.Debug|Any CPU.Build.0 = Debug|Any CPU
		{B6AA9156-2EB9-4B42-9438-AE9F63331355}.Release|Any CPU.ActiveCfg = Release|Any CPU
		{B6AA9156-2EB9-4B42-9438-AE9F63331355}.Release|Any CPU.Build.0 = Release|Any CPU
		{40E8A53B-DFDF-4604-935B-CA36408D4BBD}.Debug|Any CPU.ActiveCfg = Debug|Any CPU
		{40E8A53B-DFDF-4604-935B-CA36408D4BBD}.Debug|Any CPU.Build.0 = Debug|Any CPU
		{40E8A53B-DFDF-4604-935B-CA36408D4BBD}.Release|Any CPU.ActiveCfg = Release|Any CPU
		{40E8A53B-DFDF-4604-935B-CA36408D4BBD}.Release|Any CPU.Build.0 = Release|Any CPU
		{D44721DF-4643-4DF0-A230-BB3BE84FC90B}.Debug|Any CPU.ActiveCfg = Debug|Any CPU
		{D44721DF-4643-4DF0-A230-BB3BE84FC90B}.Debug|Any CPU.Build.0 = Debug|Any CPU
		{D44721DF-4643-4DF0-A230-BB3BE84FC90B}.Release|Any CPU.ActiveCfg = Release|Any CPU
		{D44721DF-4643-4DF0-A230-BB3BE84FC90B}.Release|Any CPU.Build.0 = Release|Any CPU
	EndGlobalSection
	GlobalSection(SolutionProperties) = preSolution
		HideSolutionNode = FALSE
	EndGlobalSection
	GlobalSection(ExtensibilityGlobals) = postSolution
		SolutionGuid = {C6F36AB5-3118-488D-9CFF-2F269F2A2342}
	EndGlobalSection
EndGlobal
